
Microsoft Visual Studio Solution File, Format Version 12.00
# Visual Studio Version 16
VisualStudioVersion = 16.0.31402.337
MinimumVisualStudioVersion = 10.0.40219.1
Project("{FAE04EC0-301F-11D3-BF4B-00C04F79EFBC}") = "Task_007", "Task_007.csproj", "{3A72219B-864D-4BBA-B137-2181F7C8CBBB}"
EndProject
Project("{FAE04EC0-301F-11D3-BF4B-00C04F79EFBC}") = "Task007.Data", "..\Task007.Data\Task007.Data.csproj", "{58F31404-9214-4FD5-897E-0AA6836C63C4}"
EndProject
Project("{FAE04EC0-301F-11D3-BF4B-00C04F79EFBC}") = "Task007.BusinessLogic", "..\Task007.BusinessLogic\Task007.BusinessLogic.csproj", "{F8B49633-41D3-4FE8-B4AB-9D800697142B}"
EndProject
Global
	GlobalSection(SolutionConfigurationPlatforms) = preSolution
		Debug|Any CPU = Debug|Any CPU
		Release|Any CPU = Release|Any CPU
	EndGlobalSection
	GlobalSection(ProjectConfigurationPlatforms) = postSolution
		{3A72219B-864D-4BBA-B137-2181F7C8CBBB}.Debug|Any CPU.ActiveCfg = Debug|Any CPU
		{3A72219B-864D-4BBA-B137-2181F7C8CBBB}.Debug|Any CPU.Build.0 = Debug|Any CPU
		{3A72219B-864D-4BBA-B137-2181F7C8CBBB}.Release|Any CPU.ActiveCfg = Release|Any CPU
		{3A72219B-864D-4BBA-B137-2181F7C8CBBB}.Release|Any CPU.Build.0 = Release|Any CPU
		{58F31404-9214-4FD5-897E-0AA6836C63C4}.Debug|Any CPU.ActiveCfg = Debug|Any CPU
		{58F31404-9214-4FD5-897E-0AA6836C63C4}.Debug|Any CPU.Build.0 = Debug|Any CPU
		{58F31404-9214-4FD5-897E-0AA6836C63C4}.Release|Any CPU.ActiveCfg = Release|Any CPU
		{58F31404-9214-4FD5-897E-0AA6836C63C4}.Release|Any CPU.Build.0 = Release|Any CPU
		{F8B49633-41D3-4FE8-B4AB-9D800697142B}.Debug|Any CPU.ActiveCfg = Debug|Any CPU
		{F8B49633-41D3-4FE8-B4AB-9D800697142B}.Debug|Any CPU.Build.0 = Debug|Any CPU
		{F8B49633-41D3-4FE8-B4AB-9D800697142B}.Release|Any CPU.ActiveCfg = Release|Any CPU
		{F8B49633-41D3-4FE8-B4AB-9D800697142B}.Release|Any CPU.Build.0 = Release|Any CPU
	EndGlobalSection
	GlobalSection(SolutionProperties) = preSolution
		HideSolutionNode = FALSE
	EndGlobalSection
	GlobalSection(ExtensibilityGlobals) = postSolution
		SolutionGuid = {8A89CF2A-9E93-4EF0-9655-F4B87C4AA234}
	EndGlobalSection
EndGlobal
